
Microsoft Visual Studio Solution File, Format Version 12.00
# Visual Studio Version 16
VisualStudioVersion = 16.0.31205.134
MinimumVisualStudioVersion = 10.0.40219.1
Project("{8BC9CEB8-8B4A-11D0-8D11-00A0C91BC942}") = "final_project_ktlt", "final_project_ktlt\final_project_ktlt.vcxproj", "{51A86871-D776-47DA-ADF8-26F9F47BE85F}"
EndProject
Global
	GlobalSection(SolutionConfigurationPlatforms) = preSolution
		Debug|x64 = Debug|x64
		Debug|x86 = Debug|x86
		Release|x64 = Release|x64
		Release|x86 = Release|x86
	EndGlobalSection
	GlobalSection(ProjectConfigurationPlatforms) = postSolution
		{51A86871-D776-47DA-ADF8-26F9F47BE85F}.Debug|x64.ActiveCfg = Debug|x64
		{51A86871-D776-47DA-ADF8-26F9F47BE85F}.Debug|x64.Build.0 = Debug|x64
		{51A86871-D776-47DA-ADF8-26F9F47BE85F}.Debug|x86.ActiveCfg = Debug|Win32
		{51A86871-D776-47DA-ADF8-26F9F47BE85F}.Debug|x86.Build.0 = Debug|Win32
		{51A86871-D776-47DA-ADF8-26F9F47BE85F}.Release|x64.ActiveCfg = Release|x64
		{51A86871-D776-47DA-ADF8-26F9F47BE85F}.Release|x64.Build.0 = Release|x64
		{51A86871-D776-47DA-ADF8-26F9F47BE85F}.Release|x86.ActiveCfg = Release|Win32
		{51A86871-D776-47DA-ADF8-26F9F47BE85F}.Release|x86.Build.0 = Release|Win32
	EndGlobalSection
	GlobalSection(SolutionProperties) = preSolution
		HideSolutionNode = FALSE
	EndGlobalSection
	GlobalSection(ExtensibilityGlobals) = postSolution
		SolutionGuid = {08273598-C4BE-4C21-8FA0-DF9621CFEEA6}
	EndGlobalSection
EndGlobal
